// !$*UTF8*$!
{
	archiveVersion = 1;
	classes = {
	};
	objectVersion = 50;
	objects = {

/* Begin PBXBuildFile section */
		FA0E250422F9DB3E007DC512 /* OTAppDelegate.m in Sources */ = {isa = PBXBuildFile; fileRef = FA0E250322F9DB3E007DC512 /* OTAppDelegate.m */; };
		FA0E250F22F9DB40007DC512 /* Assets.xcassets in Resources */ = {isa = PBXBuildFile; fileRef = FA0E250E22F9DB40007DC512 /* Assets.xcassets */; };
		FA0E251522F9DB40007DC512 /* main.m in Sources */ = {isa = PBXBuildFile; fileRef = FA0E251422F9DB40007DC512 /* main.m */; };
		FA0E252422F9DEEA007DC512 /* Main.storyboard in Resources */ = {isa = PBXBuildFile; fileRef = FA0E252022F9DEEA007DC512 /* Main.storyboard */; };
		FA0E252522F9DEEA007DC512 /* LaunchScreen.storyboard in Resources */ = {isa = PBXBuildFile; fileRef = FA0E252222F9DEEA007DC512 /* LaunchScreen.storyboard */; };
		FA0E255A22F9E131007DC512 /* Interface.storyboard in Resources */ = {isa = PBXBuildFile; fileRef = FA0E255822F9E131007DC512 /* Interface.storyboard */; };
		FA0E255C22F9E132007DC512 /* Assets.xcassets in Resources */ = {isa = PBXBuildFile; fileRef = FA0E255B22F9E132007DC512 /* Assets.xcassets */; };
		FA0E256322F9E132007DC512 /* nanonetimext.appex in Embed App Extensions */ = {isa = PBXBuildFile; fileRef = FA0E256222F9E132007DC512 /* nanonetimext.appex */; settings = {ATTRIBUTES = (RemoveHeadersOnCopy, ); }; };
		FA0E256922F9E132007DC512 /* OTInterfaceController.m in Sources */ = {isa = PBXBuildFile; fileRef = FA0E256822F9E132007DC512 /* OTInterfaceController.m */; };
		FA0E256C22F9E132007DC512 /* OTExtensionDelegate.m in Sources */ = {isa = PBXBuildFile; fileRef = FA0E256B22F9E132007DC512 /* OTExtensionDelegate.m */; };
		FA0E258422F9E52F007DC512 /* OTPBase.m in Sources */ = {isa = PBXBuildFile; fileRef = FA0E258322F9E52F007DC512 /* OTPBase.m */; };
		FA0E258522F9E52F007DC512 /* OTPBase.m in Sources */ = {isa = PBXBuildFile; fileRef = FA0E258322F9E52F007DC512 /* OTPBase.m */; };
		FA0E258822F9F703007DC512 /* OTPHash.m in Sources */ = {isa = PBXBuildFile; fileRef = FA0E258722F9F703007DC512 /* OTPHash.m */; };
		FA0E258922F9F703007DC512 /* OTPHash.m in Sources */ = {isa = PBXBuildFile; fileRef = FA0E258722F9F703007DC512 /* OTPHash.m */; };
		FA0E258C22F9F736007DC512 /* OTPTime.m in Sources */ = {isa = PBXBuildFile; fileRef = FA0E258B22F9F736007DC512 /* OTPTime.m */; };
		FA0E258D22F9F736007DC512 /* OTPTime.m in Sources */ = {isa = PBXBuildFile; fileRef = FA0E258B22F9F736007DC512 /* OTPTime.m */; };
		FA0E259022FA357F007DC512 /* OTBag.m in Sources */ = {isa = PBXBuildFile; fileRef = FA0E258F22FA357F007DC512 /* OTBag.m */; };
		FA0E259122FA357F007DC512 /* OTBag.m in Sources */ = {isa = PBXBuildFile; fileRef = FA0E258F22FA357F007DC512 /* OTBag.m */; };
		FA0E25A022FA9D79007DC512 /* OTPassTableViewCell.m in Sources */ = {isa = PBXBuildFile; fileRef = FA0E259F22FA9D79007DC512 /* OTPassTableViewCell.m */; };
		FA0E25A422FA9D97007DC512 /* OTPassTableViewController.m in Sources */ = {isa = PBXBuildFile; fileRef = FA0E25A322FA9D97007DC512 /* OTPassTableViewController.m */; };
		FA0E25AC22FB6245007DC512 /* NSData+OTBase32.m in Sources */ = {isa = PBXBuildFile; fileRef = FA0E25AB22FB6245007DC512 /* NSData+OTBase32.m */; };
		FA0E25AD22FB6245007DC512 /* NSData+OTBase32.m in Sources */ = {isa = PBXBuildFile; fileRef = FA0E25AB22FB6245007DC512 /* NSData+OTBase32.m */; };
		FA1426C823E102EC009BD9C8 /* OTScreenshots.m in Sources */ = {isa = PBXBuildFile; fileRef = FA1426C723E102EC009BD9C8 /* OTScreenshots.m */; };
		FA18BF9623D14BF6002D87AF /* UIViewController+OTDismissChildren.m in Sources */ = {isa = PBXBuildFile; fileRef = FA18BF9523D14BF6002D87AF /* UIViewController+OTDismissChildren.m */; };
		FA357D5B2307B22B0026F646 /* OTPadTextField.m in Sources */ = {isa = PBXBuildFile; fileRef = FA357D5A2307B22B0026F646 /* OTPadTextField.m */; };
		FA4979EA2338AA2C008E548B /* UIViewController+UMSurfacer.m in Sources */ = {isa = PBXBuildFile; fileRef = FA4979E92338AA2C008E548B /* UIViewController+UMSurfacer.m */; };
		FA59A89023035B0200463A3F /* OTQRScanViewController.m in Sources */ = {isa = PBXBuildFile; fileRef = FA59A88F23035B0200463A3F /* OTQRScanViewController.m */; };
		FA59A8932304A8AE00463A3F /* Manual.storyboard in Resources */ = {isa = PBXBuildFile; fileRef = FA59A8912304A8AE00463A3F /* Manual.storyboard */; };
		FA59A8962304A95B00463A3F /* OTManualEntryViewController.m in Sources */ = {isa = PBXBuildFile; fileRef = FA59A8952304A95B00463A3F /* OTManualEntryViewController.m */; };
		FA7F914C230BDEB300FD2A04 /* OTInfoViewController.m in Sources */ = {isa = PBXBuildFile; fileRef = FA7F914B230BDEB300FD2A04 /* OTInfoViewController.m */; };
		FA7F915D231056B600FD2A04 /* OTNavigationController.m in Sources */ = {isa = PBXBuildFile; fileRef = FA7F915C231056B600FD2A04 /* OTNavigationController.m */; };
		FA7F91672310D96900FD2A04 /* NSString+OTDistance.m in Sources */ = {isa = PBXBuildFile; fileRef = FA7F91662310D96900FD2A04 /* NSString+OTDistance.m */; };
		FA7F916A2311C12200FD2A04 /* _OTBagScore.m in Sources */ = {isa = PBXBuildFile; fileRef = FA7F91692311C12200FD2A04 /* _OTBagScore.m */; };
		FA7F916F23131C1000FD2A04 /* OTSecError.m in Sources */ = {isa = PBXBuildFile; fileRef = FA7F916B231313BC00FD2A04 /* OTSecError.m */; };
		FA7F917023131C1100FD2A04 /* OTSecError.m in Sources */ = {isa = PBXBuildFile; fileRef = FA7F916B231313BC00FD2A04 /* OTSecError.m */; };
		FA87DCDE2369507A006A39C9 /* OTLaunchOptions.m in Sources */ = {isa = PBXBuildFile; fileRef = FA87DCDD2369507A006A39C9 /* OTLaunchOptions.m */; };
		FAB40B9822FD1857007E607F /* OTPassRowController.m in Sources */ = {isa = PBXBuildFile; fileRef = FAB40B9722FD1857007E607F /* OTPassRowController.m */; };
		FAB89DFB2308582900F1FA08 /* OTCaptureVideoView.m in Sources */ = {isa = PBXBuildFile; fileRef = FAB89DFA2308582900F1FA08 /* OTCaptureVideoView.m */; };
		FADD93AA2309C03A00EAAC69 /* OTSecondKeeper.m in Sources */ = {isa = PBXBuildFile; fileRef = FADD93A92309C03A00EAAC69 /* OTSecondKeeper.m */; };
		FADECB7B2321F82D003052AD /* AppDelegate.m in Sources */ = {isa = PBXBuildFile; fileRef = FADECB7A2321F82D003052AD /* AppDelegate.m */; };
		FADECB812321F82D003052AD /* ViewController.m in Sources */ = {isa = PBXBuildFile; fileRef = FADECB802321F82D003052AD /* ViewController.m */; };
		FADECB842321F82D003052AD /* Main.storyboard in Resources */ = {isa = PBXBuildFile; fileRef = FADECB822321F82D003052AD /* Main.storyboard */; };
		FADECB892321F82F003052AD /* LaunchScreen.storyboard in Resources */ = {isa = PBXBuildFile; fileRef = FADECB872321F82F003052AD /* LaunchScreen.storyboard */; };
		FADECB8C2321F82F003052AD /* main.m in Sources */ = {isa = PBXBuildFile; fileRef = FADECB8B2321F82F003052AD /* main.m */; };
		FAE71A7823DE19D00079321A /* _OTDemoBag.m in Sources */ = {isa = PBXBuildFile; fileRef = FAE71A7723DE19D00079321A /* _OTDemoBag.m */; };
		FAEA804023CEE02C00A6D214 /* CoreServices.framework in Frameworks */ = {isa = PBXBuildFile; fileRef = FAEA803E23CED40900A6D214 /* CoreServices.framework */; };
		FAEA804323CEE0BD00A6D214 /* OTBag+CSItem.m in Sources */ = {isa = PBXBuildFile; fileRef = FAEA804223CEE0BD00A6D214 /* OTBag+CSItem.m */; };
		FAEA804C23CEF1D000A6D214 /* OTIndexRequestHandler.m in Sources */ = {isa = PBXBuildFile; fileRef = FAEA804B23CEF1D000A6D214 /* OTIndexRequestHandler.m */; };
		FAEA805623CEF4FE00A6D214 /* OTPBase.m in Sources */ = {isa = PBXBuildFile; fileRef = FA0E258322F9E52F007DC512 /* OTPBase.m */; };
		FAEA805723CEF4FE00A6D214 /* OTPHash.m in Sources */ = {isa = PBXBuildFile; fileRef = FA0E258722F9F703007DC512 /* OTPHash.m */; };
		FAEA805823CEF50500A6D214 /* OTPTime.m in Sources */ = {isa = PBXBuildFile; fileRef = FA0E258B22F9F736007DC512 /* OTPTime.m */; };
		FAEA805923CEF50500A6D214 /* OTBag.m in Sources */ = {isa = PBXBuildFile; fileRef = FA0E258F22FA357F007DC512 /* OTBag.m */; };
		FAEA805A23CEF50500A6D214 /* NSData+OTBase32.m in Sources */ = {isa = PBXBuildFile; fileRef = FA0E25AB22FB6245007DC512 /* NSData+OTBase32.m */; };
		FAEA805B23CEF50500A6D214 /* OTSecError.m in Sources */ = {isa = PBXBuildFile; fileRef = FA7F916B231313BC00FD2A04 /* OTSecError.m */; };
		FAEA805C23CEF50800A6D214 /* OTBag+CSItem.m in Sources */ = {isa = PBXBuildFile; fileRef = FAEA804223CEE0BD00A6D214 /* OTBag+CSItem.m */; };
		FAEA805D23CEF56E00A6D214 /* CoreServices.framework in Frameworks */ = {isa = PBXBuildFile; fileRef = FAEA803E23CED40900A6D214 /* CoreServices.framework */; };
		FAF0EAEE23CEF7E400364D38 /* NSArray+OTMap.m in Sources */ = {isa = PBXBuildFile; fileRef = FAF0EAED23CEF7E400364D38 /* NSArray+OTMap.m */; };
		FAF0EAEF23CEF81E00364D38 /* NSArray+OTMap.m in Sources */ = {isa = PBXBuildFile; fileRef = FAF0EAED23CEF7E400364D38 /* NSArray+OTMap.m */; };
		FAF0EAF023CEF81F00364D38 /* NSArray+OTMap.m in Sources */ = {isa = PBXBuildFile; fileRef = FAF0EAED23CEF7E400364D38 /* NSArray+OTMap.m */; };
/* End PBXBuildFile section */

/* Begin PBXContainerItemProxy section */
		FA0E256422F9E132007DC512 /* PBXContainerItemProxy */ = {
			isa = PBXContainerItemProxy;
			containerPortal = FA0E24F722F9DB3E007DC512 /* Project object */;
			proxyType = 1;
			remoteGlobalIDString = FA0E256122F9E132007DC512;
			remoteInfo = "nano Extension";
		};
		FA1426CA23E102EC009BD9C8 /* PBXContainerItemProxy */ = {
			isa = PBXContainerItemProxy;
			containerPortal = FA0E24F722F9DB3E007DC512 /* Project object */;
			proxyType = 1;
			remoteGlobalIDString = FA0E24FE22F9DB3E007DC512;
			remoteInfo = onetime;
		};
/* End PBXContainerItemProxy section */

/* Begin PBXCopyFilesBuildPhase section */
		FA0E257622F9E132007DC512 /* Embed App Extensions */ = {
			isa = PBXCopyFilesBuildPhase;
			buildActionMask = 2147483647;
			dstPath = "";
			dstSubfolderSpec = 13;
			files = (
				FA0E256322F9E132007DC512 /* nanonetimext.appex in Embed App Extensions */,
			);
			name = "Embed App Extensions";
			runOnlyForDeploymentPostprocessing = 0;
		};
/* End PBXCopyFilesBuildPhase section */

/* Begin PBXFileReference section */
		FA0E24FF22F9DB3E007DC512 /* onetime.app */ = {isa = PBXFileReference; explicitFileType = wrapper.application; includeInIndex = 0; path = onetime.app; sourceTree = BUILT_PRODUCTS_DIR; };
		FA0E250222F9DB3E007DC512 /* OTAppDelegate.h */ = {isa = PBXFileReference; lastKnownFileType = sourcecode.c.h; path = OTAppDelegate.h; sourceTree = "<group>"; };
		FA0E250322F9DB3E007DC512 /* OTAppDelegate.m */ = {isa = PBXFileReference; lastKnownFileType = sourcecode.c.objc; path = OTAppDelegate.m; sourceTree = "<group>"; };
		FA0E250E22F9DB40007DC512 /* Assets.xcassets */ = {isa = PBXFileReference; lastKnownFileType = folder.assetcatalog; path = Assets.xcassets; sourceTree = "<group>"; };
		FA0E251322F9DB40007DC512 /* Info.plist */ = {isa = PBXFileReference; lastKnownFileType = text.plist.xml; path = Info.plist; sourceTree = "<group>"; };
		FA0E251422F9DB40007DC512 /* main.m */ = {isa = PBXFileReference; lastKnownFileType = sourcecode.c.objc; path = main.m; sourceTree = "<group>"; };
		FA0E251B22F9DB61007DC512 /* onetime.entitlements */ = {isa = PBXFileReference; lastKnownFileType = text.plist.entitlements; path = onetime.entitlements; sourceTree = "<group>"; };
		FA0E252122F9DEEA007DC512 /* Base */ = {isa = PBXFileReference; lastKnownFileType = file.storyboard; name = Base; path = Base.lproj/Main.storyboard; sourceTree = "<group>"; };
		FA0E252322F9DEEA007DC512 /* Base */ = {isa = PBXFileReference; lastKnownFileType = file.storyboard; name = Base; path = Base.lproj/LaunchScreen.storyboard; sourceTree = "<group>"; };
		FA0E255622F9E131007DC512 /* nanonetime.app */ = {isa = PBXFileReference; explicitFileType = wrapper.application; includeInIndex = 0; path = nanonetime.app; sourceTree = BUILT_PRODUCTS_DIR; };
		FA0E255922F9E131007DC512 /* Base */ = {isa = PBXFileReference; lastKnownFileType = file.storyboard; name = Base; path = Base.lproj/Interface.storyboard; sourceTree = "<group>"; };
		FA0E255B22F9E132007DC512 /* Assets.xcassets */ = {isa = PBXFileReference; lastKnownFileType = folder.assetcatalog; path = Assets.xcassets; sourceTree = "<group>"; };
		FA0E255D22F9E132007DC512 /* Info.plist */ = {isa = PBXFileReference; lastKnownFileType = text.plist.xml; path = Info.plist; sourceTree = "<group>"; };
		FA0E256222F9E132007DC512 /* nanonetimext.appex */ = {isa = PBXFileReference; explicitFileType = "wrapper.app-extension"; includeInIndex = 0; path = nanonetimext.appex; sourceTree = BUILT_PRODUCTS_DIR; };
		FA0E256722F9E132007DC512 /* OTInterfaceController.h */ = {isa = PBXFileReference; lastKnownFileType = sourcecode.c.h; path = OTInterfaceController.h; sourceTree = "<group>"; };
		FA0E256822F9E132007DC512 /* OTInterfaceController.m */ = {isa = PBXFileReference; lastKnownFileType = sourcecode.c.objc; path = OTInterfaceController.m; sourceTree = "<group>"; };
		FA0E256A22F9E132007DC512 /* OTExtensionDelegate.h */ = {isa = PBXFileReference; lastKnownFileType = sourcecode.c.h; path = OTExtensionDelegate.h; sourceTree = "<group>"; };
		FA0E256B22F9E132007DC512 /* OTExtensionDelegate.m */ = {isa = PBXFileReference; lastKnownFileType = sourcecode.c.objc; path = OTExtensionDelegate.m; sourceTree = "<group>"; };
		FA0E256F22F9E132007DC512 /* Info.plist */ = {isa = PBXFileReference; lastKnownFileType = text.plist.xml; path = Info.plist; sourceTree = "<group>"; };
		FA0E258222F9E52F007DC512 /* OTPBase.h */ = {isa = PBXFileReference; lastKnownFileType = sourcecode.c.h; path = OTPBase.h; sourceTree = "<group>"; };
		FA0E258322F9E52F007DC512 /* OTPBase.m */ = {isa = PBXFileReference; lastKnownFileType = sourcecode.c.objc; path = OTPBase.m; sourceTree = "<group>"; };
		FA0E258622F9F703007DC512 /* OTPHash.h */ = {isa = PBXFileReference; lastKnownFileType = sourcecode.c.h; path = OTPHash.h; sourceTree = "<group>"; };
		FA0E258722F9F703007DC512 /* OTPHash.m */ = {isa = PBXFileReference; lastKnownFileType = sourcecode.c.objc; path = OTPHash.m; sourceTree = "<group>"; };
		FA0E258A22F9F736007DC512 /* OTPTime.h */ = {isa = PBXFileReference; lastKnownFileType = sourcecode.c.h; path = OTPTime.h; sourceTree = "<group>"; };
		FA0E258B22F9F736007DC512 /* OTPTime.m */ = {isa = PBXFileReference; lastKnownFileType = sourcecode.c.objc; path = OTPTime.m; sourceTree = "<group>"; };
		FA0E258E22FA357F007DC512 /* OTBag.h */ = {isa = PBXFileReference; lastKnownFileType = sourcecode.c.h; path = OTBag.h; sourceTree = "<group>"; };
		FA0E258F22FA357F007DC512 /* OTBag.m */ = {isa = PBXFileReference; lastKnownFileType = sourcecode.c.objc; path = OTBag.m; sourceTree = "<group>"; };
		FA0E259222FA43D0007DC512 /* nano.entitlements */ = {isa = PBXFileReference; lastKnownFileType = text.plist.entitlements; path = nano.entitlements; sourceTree = "<group>"; };
		FA0E259E22FA9D79007DC512 /* OTPassTableViewCell.h */ = {isa = PBXFileReference; lastKnownFileType = sourcecode.c.h; path = OTPassTableViewCell.h; sourceTree = "<group>"; };
		FA0E259F22FA9D79007DC512 /* OTPassTableViewCell.m */ = {isa = PBXFileReference; lastKnownFileType = sourcecode.c.objc; path = OTPassTableViewCell.m; sourceTree = "<group>"; };
		FA0E25A222FA9D97007DC512 /* OTPassTableViewController.h */ = {isa = PBXFileReference; lastKnownFileType = sourcecode.c.h; path = OTPassTableViewController.h; sourceTree = "<group>"; };
		FA0E25A322FA9D97007DC512 /* OTPassTableViewController.m */ = {isa = PBXFileReference; lastKnownFileType = sourcecode.c.objc; path = OTPassTableViewController.m; sourceTree = "<group>"; };
		FA0E25AA22FB6245007DC512 /* NSData+OTBase32.h */ = {isa = PBXFileReference; lastKnownFileType = sourcecode.c.h; path = "NSData+OTBase32.h"; sourceTree = "<group>"; };
		FA0E25AB22FB6245007DC512 /* NSData+OTBase32.m */ = {isa = PBXFileReference; lastKnownFileType = sourcecode.c.objc; path = "NSData+OTBase32.m"; sourceTree = "<group>"; };
		FA1426C523E102EC009BD9C8 /* onetimeUITests.xctest */ = {isa = PBXFileReference; explicitFileType = wrapper.cfbundle; includeInIndex = 0; path = onetimeUITests.xctest; sourceTree = BUILT_PRODUCTS_DIR; };
		FA1426C723E102EC009BD9C8 /* OTScreenshots.m */ = {isa = PBXFileReference; lastKnownFileType = sourcecode.c.objc; path = OTScreenshots.m; sourceTree = "<group>"; };
		FA1426C923E102EC009BD9C8 /* Info.plist */ = {isa = PBXFileReference; lastKnownFileType = text.plist.xml; path = Info.plist; sourceTree = "<group>"; };
		FA18BF9423D14BF6002D87AF /* UIViewController+OTDismissChildren.h */ = {isa = PBXFileReference; lastKnownFileType = sourcecode.c.h; path = "UIViewController+OTDismissChildren.h"; sourceTree = "<group>"; };
		FA18BF9523D14BF6002D87AF /* UIViewController+OTDismissChildren.m */ = {isa = PBXFileReference; lastKnownFileType = sourcecode.c.objc; path = "UIViewController+OTDismissChildren.m"; sourceTree = "<group>"; };
		FA357D592307B22B0026F646 /* OTPadTextField.h */ = {isa = PBXFileReference; lastKnownFileType = sourcecode.c.h; path = OTPadTextField.h; sourceTree = "<group>"; };
		FA357D5A2307B22B0026F646 /* OTPadTextField.m */ = {isa = PBXFileReference; lastKnownFileType = sourcecode.c.objc; path = OTPadTextField.m; sourceTree = "<group>"; };
		FA4979E82338AA2C008E548B /* UIViewController+UMSurfacer.h */ = {isa = PBXFileReference; lastKnownFileType = sourcecode.c.h; path = "UIViewController+UMSurfacer.h"; sourceTree = "<group>"; };
		FA4979E92338AA2C008E548B /* UIViewController+UMSurfacer.m */ = {isa = PBXFileReference; lastKnownFileType = sourcecode.c.objc; path = "UIViewController+UMSurfacer.m"; sourceTree = "<group>"; };
		FA4A15BE2380A267005AD686 /* README.md */ = {isa = PBXFileReference; fileEncoding = 4; lastKnownFileType = net.daringfireball.markdown; path = README.md; sourceTree = "<group>"; };
		FA59A88E23035B0200463A3F /* OTQRScanViewController.h */ = {isa = PBXFileReference; lastKnownFileType = sourcecode.c.h; path = OTQRScanViewController.h; sourceTree = "<group>"; };
		FA59A88F23035B0200463A3F /* OTQRScanViewController.m */ = {isa = PBXFileReference; lastKnownFileType = sourcecode.c.objc; path = OTQRScanViewController.m; sourceTree = "<group>"; };
		FA59A8922304A8AE00463A3F /* Base */ = {isa = PBXFileReference; lastKnownFileType = file.storyboard; name = Base; path = Base.lproj/Manual.storyboard; sourceTree = "<group>"; };
		FA59A8942304A95B00463A3F /* OTManualEntryViewController.h */ = {isa = PBXFileReference; lastKnownFileType = sourcecode.c.h; path = OTManualEntryViewController.h; sourceTree = "<group>"; };
		FA59A8952304A95B00463A3F /* OTManualEntryViewController.m */ = {isa = PBXFileReference; lastKnownFileType = sourcecode.c.objc; path = OTManualEntryViewController.m; sourceTree = "<group>"; };
		FA7F914A230BDEB300FD2A04 /* OTInfoViewController.h */ = {isa = PBXFileReference; lastKnownFileType = sourcecode.c.h; path = OTInfoViewController.h; sourceTree = "<group>"; };
		FA7F914B230BDEB300FD2A04 /* OTInfoViewController.m */ = {isa = PBXFileReference; lastKnownFileType = sourcecode.c.objc; path = OTInfoViewController.m; sourceTree = "<group>"; };
		FA7F915B231056B600FD2A04 /* OTNavigationController.h */ = {isa = PBXFileReference; lastKnownFileType = sourcecode.c.h; path = OTNavigationController.h; sourceTree = "<group>"; };
		FA7F915C231056B600FD2A04 /* OTNavigationController.m */ = {isa = PBXFileReference; lastKnownFileType = sourcecode.c.objc; path = OTNavigationController.m; sourceTree = "<group>"; };
		FA7F91652310D96900FD2A04 /* NSString+OTDistance.h */ = {isa = PBXFileReference; lastKnownFileType = sourcecode.c.h; path = "NSString+OTDistance.h"; sourceTree = "<group>"; };
		FA7F91662310D96900FD2A04 /* NSString+OTDistance.m */ = {isa = PBXFileReference; lastKnownFileType = sourcecode.c.objc; path = "NSString+OTDistance.m"; sourceTree = "<group>"; };
		FA7F91682311C12200FD2A04 /* _OTBagScore.h */ = {isa = PBXFileReference; lastKnownFileType = sourcecode.c.h; path = _OTBagScore.h; sourceTree = "<group>"; };
		FA7F91692311C12200FD2A04 /* _OTBagScore.m */ = {isa = PBXFileReference; lastKnownFileType = sourcecode.c.objc; path = _OTBagScore.m; sourceTree = "<group>"; };
		FA7F916B231313BC00FD2A04 /* OTSecError.m */ = {isa = PBXFileReference; lastKnownFileType = sourcecode.c.objc; path = OTSecError.m; sourceTree = "<group>"; };
		FA7F916D231313D300FD2A04 /* OTSecError.h */ = {isa = PBXFileReference; lastKnownFileType = sourcecode.c.h; path = OTSecError.h; sourceTree = "<group>"; };
		FA87DCDC2369507A006A39C9 /* OTLaunchOptions.h */ = {isa = PBXFileReference; lastKnownFileType = sourcecode.c.h; path = OTLaunchOptions.h; sourceTree = "<group>"; };
		FA87DCDD2369507A006A39C9 /* OTLaunchOptions.m */ = {isa = PBXFileReference; lastKnownFileType = sourcecode.c.objc; path = OTLaunchOptions.m; sourceTree = "<group>"; };
		FAB40B9622FD1857007E607F /* OTPassRowController.h */ = {isa = PBXFileReference; lastKnownFileType = sourcecode.c.h; path = OTPassRowController.h; sourceTree = "<group>"; };
		FAB40B9722FD1857007E607F /* OTPassRowController.m */ = {isa = PBXFileReference; lastKnownFileType = sourcecode.c.objc; path = OTPassRowController.m; sourceTree = "<group>"; };
		FAB89DF92308582900F1FA08 /* OTCaptureVideoView.h */ = {isa = PBXFileReference; lastKnownFileType = sourcecode.c.h; path = OTCaptureVideoView.h; sourceTree = "<group>"; };
		FAB89DFA2308582900F1FA08 /* OTCaptureVideoView.m */ = {isa = PBXFileReference; lastKnownFileType = sourcecode.c.objc; path = OTCaptureVideoView.m; sourceTree = "<group>"; };
		FADD93A82309C03A00EAAC69 /* OTSecondKeeper.h */ = {isa = PBXFileReference; lastKnownFileType = sourcecode.c.h; path = OTSecondKeeper.h; sourceTree = "<group>"; };
		FADD93A92309C03A00EAAC69 /* OTSecondKeeper.m */ = {isa = PBXFileReference; lastKnownFileType = sourcecode.c.objc; path = OTSecondKeeper.m; sourceTree = "<group>"; };
		FADECB772321F82D003052AD /* OneTIcon.app */ = {isa = PBXFileReference; explicitFileType = wrapper.application; includeInIndex = 0; path = OneTIcon.app; sourceTree = BUILT_PRODUCTS_DIR; };
		FADECB792321F82D003052AD /* AppDelegate.h */ = {isa = PBXFileReference; lastKnownFileType = sourcecode.c.h; path = AppDelegate.h; sourceTree = "<group>"; };
		FADECB7A2321F82D003052AD /* AppDelegate.m */ = {isa = PBXFileReference; lastKnownFileType = sourcecode.c.objc; path = AppDelegate.m; sourceTree = "<group>"; };
		FADECB7F2321F82D003052AD /* ViewController.h */ = {isa = PBXFileReference; lastKnownFileType = sourcecode.c.h; path = ViewController.h; sourceTree = "<group>"; };
		FADECB802321F82D003052AD /* ViewController.m */ = {isa = PBXFileReference; lastKnownFileType = sourcecode.c.objc; path = ViewController.m; sourceTree = "<group>"; };
		FADECB832321F82D003052AD /* Base */ = {isa = PBXFileReference; lastKnownFileType = file.storyboard; name = Base; path = Base.lproj/Main.storyboard; sourceTree = "<group>"; };
		FADECB882321F82F003052AD /* Base */ = {isa = PBXFileReference; lastKnownFileType = file.storyboard; name = Base; path = Base.lproj/LaunchScreen.storyboard; sourceTree = "<group>"; };
		FADECB8A2321F82F003052AD /* Info.plist */ = {isa = PBXFileReference; lastKnownFileType = text.plist.xml; path = Info.plist; sourceTree = "<group>"; };
		FADECB8B2321F82F003052AD /* main.m */ = {isa = PBXFileReference; lastKnownFileType = sourcecode.c.objc; path = main.m; sourceTree = "<group>"; };
		FAE71A7623DE19D00079321A /* _OTDemoBag.h */ = {isa = PBXFileReference; lastKnownFileType = sourcecode.c.h; path = _OTDemoBag.h; sourceTree = "<group>"; };
		FAE71A7723DE19D00079321A /* _OTDemoBag.m */ = {isa = PBXFileReference; lastKnownFileType = sourcecode.c.objc; path = _OTDemoBag.m; sourceTree = "<group>"; };
		FAEA803E23CED40900A6D214 /* CoreServices.framework */ = {isa = PBXFileReference; lastKnownFileType = wrapper.framework; name = CoreServices.framework; path = Platforms/MacOSX.platform/Developer/SDKs/MacOSX10.15.sdk/System/Library/Frameworks/CoreServices.framework; sourceTree = DEVELOPER_DIR; };
		FAEA804123CEE0BD00A6D214 /* OTBag+CSItem.h */ = {isa = PBXFileReference; lastKnownFileType = sourcecode.c.h; path = "OTBag+CSItem.h"; sourceTree = "<group>"; };
		FAEA804223CEE0BD00A6D214 /* OTBag+CSItem.m */ = {isa = PBXFileReference; lastKnownFileType = sourcecode.c.objc; path = "OTBag+CSItem.m"; sourceTree = "<group>"; };
		FAEA804823CEF1D000A6D214 /* onetimespotlight.appex */ = {isa = PBXFileReference; explicitFileType = "wrapper.app-extension"; includeInIndex = 0; path = onetimespotlight.appex; sourceTree = BUILT_PRODUCTS_DIR; };
		FAEA804A23CEF1D000A6D214 /* OTIndexRequestHandler.h */ = {isa = PBXFileReference; lastKnownFileType = sourcecode.c.h; path = OTIndexRequestHandler.h; sourceTree = "<group>"; };
		FAEA804B23CEF1D000A6D214 /* OTIndexRequestHandler.m */ = {isa = PBXFileReference; lastKnownFileType = sourcecode.c.objc; path = OTIndexRequestHandler.m; sourceTree = "<group>"; };
		FAEA804D23CEF1D000A6D214 /* Info.plist */ = {isa = PBXFileReference; lastKnownFileType = text.plist.xml; path = Info.plist; sourceTree = "<group>"; };
		FAEA805523CEF2BB00A6D214 /* spotlight.entitlements */ = {isa = PBXFileReference; lastKnownFileType = text.plist.entitlements; path = spotlight.entitlements; sourceTree = "<group>"; };
		FAF0EAEC23CEF7E400364D38 /* NSArray+OTMap.h */ = {isa = PBXFileReference; lastKnownFileType = sourcecode.c.h; path = "NSArray+OTMap.h"; sourceTree = "<group>"; };
		FAF0EAED23CEF7E400364D38 /* NSArray+OTMap.m */ = {isa = PBXFileReference; lastKnownFileType = sourcecode.c.objc; path = "NSArray+OTMap.m"; sourceTree = "<group>"; };
/* End PBXFileReference section */

/* Begin PBXFrameworksBuildPhase section */
		FA0E24FC22F9DB3E007DC512 /* Frameworks */ = {
			isa = PBXFrameworksBuildPhase;
			buildActionMask = 2147483647;
			files = (
				FAEA804023CEE02C00A6D214 /* CoreServices.framework in Frameworks */,
			);
			runOnlyForDeploymentPostprocessing = 0;
		};
		FA0E255F22F9E132007DC512 /* Frameworks */ = {
			isa = PBXFrameworksBuildPhase;
			buildActionMask = 2147483647;
			files = (
			);
			runOnlyForDeploymentPostprocessing = 0;
		};
		FA1426C223E102EC009BD9C8 /* Frameworks */ = {
			isa = PBXFrameworksBuildPhase;
			buildActionMask = 2147483647;
			files = (
			);
			runOnlyForDeploymentPostprocessing = 0;
		};
		FADECB742321F82D003052AD /* Frameworks */ = {
			isa = PBXFrameworksBuildPhase;
			buildActionMask = 2147483647;
			files = (
			);
			runOnlyForDeploymentPostprocessing = 0;
		};
		FAEA804523CEF1D000A6D214 /* Frameworks */ = {
			isa = PBXFrameworksBuildPhase;
			buildActionMask = 2147483647;
			files = (
				FAEA805D23CEF56E00A6D214 /* CoreServices.framework in Frameworks */,
			);
			runOnlyForDeploymentPostprocessing = 0;
		};
/* End PBXFrameworksBuildPhase section */

/* Begin PBXGroup section */
		FA0E24F622F9DB3E007DC512 = {
			isa = PBXGroup;
			children = (
				FA4A15BE2380A267005AD686 /* README.md */,
				FA0E258122F9E3A7007DC512 /* OneTimeKit */,
				FA0E250122F9DB3E007DC512 /* onetime */,
				FAEA804923CEF1D000A6D214 /* onetimespotlight */,
				FA0E255722F9E131007DC512 /* nanonetime */,
				FA0E256622F9E132007DC512 /* nanonetimext */,
				FADECB782321F82D003052AD /* oneticon */,
				FA1426C623E102EC009BD9C8 /* onetimeUITests */,
				FA0E250022F9DB3E007DC512 /* Products */,
				FAEA803D23CED40800A6D214 /* Frameworks */,
			);
			sourceTree = "<group>";
		};
		FA0E250022F9DB3E007DC512 /* Products */ = {
			isa = PBXGroup;
			children = (
				FA0E24FF22F9DB3E007DC512 /* onetime.app */,
				FA0E255622F9E131007DC512 /* nanonetime.app */,
				FA0E256222F9E132007DC512 /* nanonetimext.appex */,
				FADECB772321F82D003052AD /* OneTIcon.app */,
				FAEA804823CEF1D000A6D214 /* onetimespotlight.appex */,
				FA1426C523E102EC009BD9C8 /* onetimeUITests.xctest */,
			);
			name = Products;
			sourceTree = "<group>";
		};
		FA0E250122F9DB3E007DC512 /* onetime */ = {
			isa = PBXGroup;
			children = (
				FA0E251C22F9DD54007DC512 /* AppDelegate */,
				FA0E251D22F9DDC3007DC512 /* ViewControllers */,
				FA0E259922FA9D2C007DC512 /* Views */,
				FA7F91642310D94F00FD2A04 /* Models */,
				FADD93A72309C01A00EAAC69 /* Services */,
				FA0E252622F9DEF4007DC512 /* Storyboards */,
				FA0E251E22F9DE6F007DC512 /* Resources */,
			);
			path = onetime;
			sourceTree = "<group>";
		};
		FA0E251C22F9DD54007DC512 /* AppDelegate */ = {
			isa = PBXGroup;
			children = (
				FA0E250222F9DB3E007DC512 /* OTAppDelegate.h */,
				FA0E250322F9DB3E007DC512 /* OTAppDelegate.m */,
			);
			path = AppDelegate;
			sourceTree = "<group>";
		};
		FA0E251D22F9DDC3007DC512 /* ViewControllers */ = {
			isa = PBXGroup;
			children = (
				FA4979E82338AA2C008E548B /* UIViewController+UMSurfacer.h */,
				FA4979E92338AA2C008E548B /* UIViewController+UMSurfacer.m */,
				FA18BF9423D14BF6002D87AF /* UIViewController+OTDismissChildren.h */,
				FA18BF9523D14BF6002D87AF /* UIViewController+OTDismissChildren.m */,
				FA7F915B231056B600FD2A04 /* OTNavigationController.h */,
				FA7F915C231056B600FD2A04 /* OTNavigationController.m */,
				FA0E25A222FA9D97007DC512 /* OTPassTableViewController.h */,
				FA0E25A322FA9D97007DC512 /* OTPassTableViewController.m */,
				FA59A88E23035B0200463A3F /* OTQRScanViewController.h */,
				FA59A88F23035B0200463A3F /* OTQRScanViewController.m */,
				FA59A8942304A95B00463A3F /* OTManualEntryViewController.h */,
				FA59A8952304A95B00463A3F /* OTManualEntryViewController.m */,
				FA7F914A230BDEB300FD2A04 /* OTInfoViewController.h */,
				FA7F914B230BDEB300FD2A04 /* OTInfoViewController.m */,
			);
			path = ViewControllers;
			sourceTree = "<group>";
		};
		FA0E251E22F9DE6F007DC512 /* Resources */ = {
			isa = PBXGroup;
			children = (
				FA0E250E22F9DB40007DC512 /* Assets.xcassets */,
				FA0E251322F9DB40007DC512 /* Info.plist */,
				FA0E251B22F9DB61007DC512 /* onetime.entitlements */,
				FA0E251422F9DB40007DC512 /* main.m */,
			);
			name = Resources;
			sourceTree = "<group>";
		};
		FA0E252622F9DEF4007DC512 /* Storyboards */ = {
			isa = PBXGroup;
			children = (
				FA0E252022F9DEEA007DC512 /* Main.storyboard */,
				FA59A8912304A8AE00463A3F /* Manual.storyboard */,
				FA0E252222F9DEEA007DC512 /* LaunchScreen.storyboard */,
			);
			name = Storyboards;
			sourceTree = "<group>";
		};
		FA0E255722F9E131007DC512 /* nanonetime */ = {
			isa = PBXGroup;
			children = (
				FA0E255822F9E131007DC512 /* Interface.storyboard */,
				FA0E255B22F9E132007DC512 /* Assets.xcassets */,
				FA0E255D22F9E132007DC512 /* Info.plist */,
			);
			path = nanonetime;
			sourceTree = "<group>";
		};
		FA0E256622F9E132007DC512 /* nanonetimext */ = {
			isa = PBXGroup;
			children = (
				FA0E257B22F9E205007DC512 /* ExtensionDelegate */,
				FA0E257C22F9E216007DC512 /* InterfaceControllers */,
				FA0E256F22F9E132007DC512 /* Info.plist */,
				FA0E259222FA43D0007DC512 /* nano.entitlements */,
			);
			path = nanonetimext;
			sourceTree = "<group>";
		};
		FA0E257B22F9E205007DC512 /* ExtensionDelegate */ = {
			isa = PBXGroup;
			children = (
				FA0E256A22F9E132007DC512 /* OTExtensionDelegate.h */,
				FA0E256B22F9E132007DC512 /* OTExtensionDelegate.m */,
			);
			path = ExtensionDelegate;
			sourceTree = "<group>";
		};
		FA0E257C22F9E216007DC512 /* InterfaceControllers */ = {
			isa = PBXGroup;
			children = (
				FAB40B9622FD1857007E607F /* OTPassRowController.h */,
				FAB40B9722FD1857007E607F /* OTPassRowController.m */,
				FA0E256722F9E132007DC512 /* OTInterfaceController.h */,
				FA0E256822F9E132007DC512 /* OTInterfaceController.m */,
			);
			path = InterfaceControllers;
			sourceTree = "<group>";
		};
		FA0E258122F9E3A7007DC512 /* OneTimeKit */ = {
			isa = PBXGroup;
			children = (
				FA0E259322FA581A007DC512 /* Models */,
			);
			path = OneTimeKit;
			sourceTree = "<group>";
		};
		FA0E259322FA581A007DC512 /* Models */ = {
			isa = PBXGroup;
			children = (
				FA0E258222F9E52F007DC512 /* OTPBase.h */,
				FA0E258322F9E52F007DC512 /* OTPBase.m */,
				FA0E258622F9F703007DC512 /* OTPHash.h */,
				FA0E258722F9F703007DC512 /* OTPHash.m */,
				FA0E258A22F9F736007DC512 /* OTPTime.h */,
				FA0E258B22F9F736007DC512 /* OTPTime.m */,
				FA0E258E22FA357F007DC512 /* OTBag.h */,
				FA0E258F22FA357F007DC512 /* OTBag.m */,
				FAE71A7623DE19D00079321A /* _OTDemoBag.h */,
				FAE71A7723DE19D00079321A /* _OTDemoBag.m */,
				FAEA804123CEE0BD00A6D214 /* OTBag+CSItem.h */,
				FAEA804223CEE0BD00A6D214 /* OTBag+CSItem.m */,
				FA0E25AA22FB6245007DC512 /* NSData+OTBase32.h */,
				FA0E25AB22FB6245007DC512 /* NSData+OTBase32.m */,
				FAF0EAEC23CEF7E400364D38 /* NSArray+OTMap.h */,
				FAF0EAED23CEF7E400364D38 /* NSArray+OTMap.m */,
				FA7F916D231313D300FD2A04 /* OTSecError.h */,
				FA7F916B231313BC00FD2A04 /* OTSecError.m */,
			);
			path = Models;
			sourceTree = "<group>";
		};
		FA0E259922FA9D2C007DC512 /* Views */ = {
			isa = PBXGroup;
			children = (
				FA0E259E22FA9D79007DC512 /* OTPassTableViewCell.h */,
				FA0E259F22FA9D79007DC512 /* OTPassTableViewCell.m */,
				FA357D592307B22B0026F646 /* OTPadTextField.h */,
				FA357D5A2307B22B0026F646 /* OTPadTextField.m */,
				FAB89DF92308582900F1FA08 /* OTCaptureVideoView.h */,
				FAB89DFA2308582900F1FA08 /* OTCaptureVideoView.m */,
			);
			path = Views;
			sourceTree = "<group>";
		};
		FA1426C623E102EC009BD9C8 /* onetimeUITests */ = {
			isa = PBXGroup;
			children = (
				FA1426C723E102EC009BD9C8 /* OTScreenshots.m */,
				FA1426C923E102EC009BD9C8 /* Info.plist */,
			);
			path = onetimeUITests;
			sourceTree = "<group>";
		};
		FA7F91642310D94F00FD2A04 /* Models */ = {
			isa = PBXGroup;
			children = (
				FA7F91682311C12200FD2A04 /* _OTBagScore.h */,
				FA7F91692311C12200FD2A04 /* _OTBagScore.m */,
				FA7F91652310D96900FD2A04 /* NSString+OTDistance.h */,
				FA7F91662310D96900FD2A04 /* NSString+OTDistance.m */,
			);
			path = Models;
			sourceTree = "<group>";
		};
		FADD93A72309C01A00EAAC69 /* Services */ = {
			isa = PBXGroup;
			children = (
				FADD93A82309C03A00EAAC69 /* OTSecondKeeper.h */,
				FADD93A92309C03A00EAAC69 /* OTSecondKeeper.m */,
				FA87DCDC2369507A006A39C9 /* OTLaunchOptions.h */,
				FA87DCDD2369507A006A39C9 /* OTLaunchOptions.m */,
			);
			path = Services;
			sourceTree = "<group>";
		};
		FADECB782321F82D003052AD /* oneticon */ = {
			isa = PBXGroup;
			children = (
				FADECB902321F84F003052AD /* AppDelegate */,
				FADECB912321F86D003052AD /* ViewControllers */,
				FADECB822321F82D003052AD /* Main.storyboard */,
				FADECB872321F82F003052AD /* LaunchScreen.storyboard */,
				FADECB8A2321F82F003052AD /* Info.plist */,
				FADECB8B2321F82F003052AD /* main.m */,
			);
			path = oneticon;
			sourceTree = "<group>";
		};
		FADECB902321F84F003052AD /* AppDelegate */ = {
			isa = PBXGroup;
			children = (
				FADECB792321F82D003052AD /* AppDelegate.h */,
				FADECB7A2321F82D003052AD /* AppDelegate.m */,
			);
			path = AppDelegate;
			sourceTree = "<group>";
		};
		FADECB912321F86D003052AD /* ViewControllers */ = {
			isa = PBXGroup;
			children = (
				FADECB7F2321F82D003052AD /* ViewController.h */,
				FADECB802321F82D003052AD /* ViewController.m */,
			);
			path = ViewControllers;
			sourceTree = "<group>";
		};
		FAEA803D23CED40800A6D214 /* Frameworks */ = {
			isa = PBXGroup;
			children = (
				FAEA803E23CED40900A6D214 /* CoreServices.framework */,
			);
			name = Frameworks;
			sourceTree = "<group>";
		};
		FAEA804923CEF1D000A6D214 /* onetimespotlight */ = {
			isa = PBXGroup;
			children = (
				FAEA804A23CEF1D000A6D214 /* OTIndexRequestHandler.h */,
				FAEA804B23CEF1D000A6D214 /* OTIndexRequestHandler.m */,
				FAEA805523CEF2BB00A6D214 /* spotlight.entitlements */,
				FAEA804D23CEF1D000A6D214 /* Info.plist */,
			);
			path = onetimespotlight;
			sourceTree = "<group>";
		};
/* End PBXGroup section */

/* Begin PBXNativeTarget section */
		FA0E24FE22F9DB3E007DC512 /* onetime */ = {
			isa = PBXNativeTarget;
			buildConfigurationList = FA0E251822F9DB40007DC512 /* Build configuration list for PBXNativeTarget "onetime" */;
			buildPhases = (
				FA0E24FB22F9DB3E007DC512 /* Sources */,
				FA0E24FC22F9DB3E007DC512 /* Frameworks */,
				FA0E24FD22F9DB3E007DC512 /* Resources */,
			);
			buildRules = (
			);
			dependencies = (
			);
			name = onetime;
			productName = onetime;
			productReference = FA0E24FF22F9DB3E007DC512 /* onetime.app */;
			productType = "com.apple.product-type.application";
		};
		FA0E255522F9E131007DC512 /* nanonetime */ = {
			isa = PBXNativeTarget;
			buildConfigurationList = FA0E257A22F9E132007DC512 /* Build configuration list for PBXNativeTarget "nanonetime" */;
			buildPhases = (
				FA0E255422F9E131007DC512 /* Resources */,
				FA0E257622F9E132007DC512 /* Embed App Extensions */,
			);
			buildRules = (
			);
			dependencies = (
				FA0E256522F9E132007DC512 /* PBXTargetDependency */,
			);
			name = nanonetime;
			productName = nano;
			productReference = FA0E255622F9E131007DC512 /* nanonetime.app */;
			productType = "com.apple.product-type.application.watchapp2";
		};
		FA0E256122F9E132007DC512 /* nanonetimext */ = {
			isa = PBXNativeTarget;
			buildConfigurationList = FA0E257922F9E132007DC512 /* Build configuration list for PBXNativeTarget "nanonetimext" */;
			buildPhases = (
				FA0E255E22F9E132007DC512 /* Sources */,
				FA0E255F22F9E132007DC512 /* Frameworks */,
				FA0E256022F9E132007DC512 /* Resources */,
			);
			buildRules = (
			);
			dependencies = (
			);
			name = nanonetimext;
			productName = "nano Extension";
			productReference = FA0E256222F9E132007DC512 /* nanonetimext.appex */;
			productType = "com.apple.product-type.watchkit2-extension";
		};
		FA1426C423E102EC009BD9C8 /* onetimeUITests */ = {
			isa = PBXNativeTarget;
			buildConfigurationList = FA1426CE23E102EC009BD9C8 /* Build configuration list for PBXNativeTarget "onetimeUITests" */;
			buildPhases = (
				FA1426C123E102EC009BD9C8 /* Sources */,
				FA1426C223E102EC009BD9C8 /* Frameworks */,
				FA1426C323E102EC009BD9C8 /* Resources */,
			);
			buildRules = (
			);
			dependencies = (
				FA1426CB23E102EC009BD9C8 /* PBXTargetDependency */,
			);
			name = onetimeUITests;
			productName = onetimeUITests;
			productReference = FA1426C523E102EC009BD9C8 /* onetimeUITests.xctest */;
			productType = "com.apple.product-type.bundle.ui-testing";
		};
		FADECB762321F82D003052AD /* oneticon */ = {
			isa = PBXNativeTarget;
			buildConfigurationList = FADECB8F2321F82F003052AD /* Build configuration list for PBXNativeTarget "oneticon" */;
			buildPhases = (
				FADECB732321F82D003052AD /* Sources */,
				FADECB742321F82D003052AD /* Frameworks */,
				FADECB752321F82D003052AD /* Resources */,
			);
			buildRules = (
			);
			dependencies = (
			);
			name = oneticon;
			productName = oneticon;
			productReference = FADECB772321F82D003052AD /* OneTIcon.app */;
			productType = "com.apple.product-type.application";
		};
		FAEA804723CEF1D000A6D214 /* onetimespotlight */ = {
			isa = PBXNativeTarget;
			buildConfigurationList = FAEA805123CEF1D000A6D214 /* Build configuration list for PBXNativeTarget "onetimespotlight" */;
			buildPhases = (
				FAEA804423CEF1D000A6D214 /* Sources */,
				FAEA804523CEF1D000A6D214 /* Frameworks */,
				FAEA804623CEF1D000A6D214 /* Resources */,
			);
			buildRules = (
			);
			dependencies = (
			);
			name = onetimespotlight;
			productName = spotlight;
			productReference = FAEA804823CEF1D000A6D214 /* onetimespotlight.appex */;
			productType = "com.apple.product-type.app-extension";
		};
/* End PBXNativeTarget section */

/* Begin PBXProject section */
		FA0E24F722F9DB3E007DC512 /* Project object */ = {
			isa = PBXProject;
			attributes = {
				CLASSPREFIX = OT;
				LastUpgradeCheck = 1130;
				ORGANIZATIONNAME = Leptos;
				TargetAttributes = {
					FA0E24FE22F9DB3E007DC512 = {
						CreatedOnToolsVersion = 11.0;
					};
					FA0E255522F9E131007DC512 = {
						CreatedOnToolsVersion = 11.0;
					};
					FA0E256122F9E132007DC512 = {
						CreatedOnToolsVersion = 11.0;
					};
					FA1426C423E102EC009BD9C8 = {
						CreatedOnToolsVersion = 11.3;
						TestTargetID = FA0E24FE22F9DB3E007DC512;
					};
					FADECB762321F82D003052AD = {
						CreatedOnToolsVersion = 11.0;
					};
					FAEA804723CEF1D000A6D214 = {
						CreatedOnToolsVersion = 11.3;
					};
				};
			};
			buildConfigurationList = FA0E24FA22F9DB3E007DC512 /* Build configuration list for PBXProject "onetime" */;
			compatibilityVersion = "Xcode 9.3";
			developmentRegion = en;
			hasScannedForEncodings = 0;
			knownRegions = (
				en,
				Base,
			);
			mainGroup = FA0E24F622F9DB3E007DC512;
			productRefGroup = FA0E250022F9DB3E007DC512 /* Products */;
			projectDirPath = "";
			projectRoot = "";
			targets = (
				FA0E24FE22F9DB3E007DC512 /* onetime */,
				FA0E255522F9E131007DC512 /* nanonetime */,
				FA0E256122F9E132007DC512 /* nanonetimext */,
				FADECB762321F82D003052AD /* oneticon */,
				FAEA804723CEF1D000A6D214 /* onetimespotlight */,
				FA1426C423E102EC009BD9C8 /* onetimeUITests */,
			);
		};
/* End PBXProject section */

/* Begin PBXResourcesBuildPhase section */
		FA0E24FD22F9DB3E007DC512 /* Resources */ = {
			isa = PBXResourcesBuildPhase;
			buildActionMask = 2147483647;
			files = (
				FA0E252522F9DEEA007DC512 /* LaunchScreen.storyboard in Resources */,
				FA0E250F22F9DB40007DC512 /* Assets.xcassets in Resources */,
				FA59A8932304A8AE00463A3F /* Manual.storyboard in Resources */,
				FA0E252422F9DEEA007DC512 /* Main.storyboard in Resources */,
			);
			runOnlyForDeploymentPostprocessing = 0;
		};
		FA0E255422F9E131007DC512 /* Resources */ = {
			isa = PBXResourcesBuildPhase;
			buildActionMask = 2147483647;
			files = (
				FA0E255C22F9E132007DC512 /* Assets.xcassets in Resources */,
				FA0E255A22F9E131007DC512 /* Interface.storyboard in Resources */,
			);
			runOnlyForDeploymentPostprocessing = 0;
		};
		FA0E256022F9E132007DC512 /* Resources */ = {
			isa = PBXResourcesBuildPhase;
			buildActionMask = 2147483647;
			files = (
			);
			runOnlyForDeploymentPostprocessing = 0;
		};
		FA1426C323E102EC009BD9C8 /* Resources */ = {
			isa = PBXResourcesBuildPhase;
			buildActionMask = 2147483647;
			files = (
			);
			runOnlyForDeploymentPostprocessing = 0;
		};
		FADECB752321F82D003052AD /* Resources */ = {
			isa = PBXResourcesBuildPhase;
			buildActionMask = 2147483647;
			files = (
				FADECB892321F82F003052AD /* LaunchScreen.storyboard in Resources */,
				FADECB842321F82D003052AD /* Main.storyboard in Resources */,
			);
			runOnlyForDeploymentPostprocessing = 0;
		};
		FAEA804623CEF1D000A6D214 /* Resources */ = {
			isa = PBXResourcesBuildPhase;
			buildActionMask = 2147483647;
			files = (
			);
			runOnlyForDeploymentPostprocessing = 0;
		};
/* End PBXResourcesBuildPhase section */

/* Begin PBXSourcesBuildPhase section */
		FA0E24FB22F9DB3E007DC512 /* Sources */ = {
			isa = PBXSourcesBuildPhase;
			buildActionMask = 2147483647;
			files = (
				FA357D5B2307B22B0026F646 /* OTPadTextField.m in Sources */,
				FA7F916F23131C1000FD2A04 /* OTSecError.m in Sources */,
				FA4979EA2338AA2C008E548B /* UIViewController+UMSurfacer.m in Sources */,
				FA59A8962304A95B00463A3F /* OTManualEntryViewController.m in Sources */,
				FA7F916A2311C12200FD2A04 /* _OTBagScore.m in Sources */,
				FA0E25A422FA9D97007DC512 /* OTPassTableViewController.m in Sources */,
				FAEA804323CEE0BD00A6D214 /* OTBag+CSItem.m in Sources */,
				FA18BF9623D14BF6002D87AF /* UIViewController+OTDismissChildren.m in Sources */,
				FA87DCDE2369507A006A39C9 /* OTLaunchOptions.m in Sources */,
				FAF0EAEE23CEF7E400364D38 /* NSArray+OTMap.m in Sources */,
				FA7F91672310D96900FD2A04 /* NSString+OTDistance.m in Sources */,
				FA7F914C230BDEB300FD2A04 /* OTInfoViewController.m in Sources */,
				FA0E25A022FA9D79007DC512 /* OTPassTableViewCell.m in Sources */,
				FAB89DFB2308582900F1FA08 /* OTCaptureVideoView.m in Sources */,
				FA0E258C22F9F736007DC512 /* OTPTime.m in Sources */,
				FADD93AA2309C03A00EAAC69 /* OTSecondKeeper.m in Sources */,
				FA0E258422F9E52F007DC512 /* OTPBase.m in Sources */,
				FA0E250422F9DB3E007DC512 /* OTAppDelegate.m in Sources */,
				FA7F915D231056B600FD2A04 /* OTNavigationController.m in Sources */,
				FA0E25AC22FB6245007DC512 /* NSData+OTBase32.m in Sources */,
				FA0E258822F9F703007DC512 /* OTPHash.m in Sources */,
				FAE71A7823DE19D00079321A /* _OTDemoBag.m in Sources */,
				FA59A89023035B0200463A3F /* OTQRScanViewController.m in Sources */,
				FA0E259022FA357F007DC512 /* OTBag.m in Sources */,
				FA0E251522F9DB40007DC512 /* main.m in Sources */,
			);
			runOnlyForDeploymentPostprocessing = 0;
		};
		FA0E255E22F9E132007DC512 /* Sources */ = {
			isa = PBXSourcesBuildPhase;
			buildActionMask = 2147483647;
			files = (
				FA0E256C22F9E132007DC512 /* OTExtensionDelegate.m in Sources */,
				FA7F917023131C1100FD2A04 /* OTSecError.m in Sources */,
				FAF0EAEF23CEF81E00364D38 /* NSArray+OTMap.m in Sources */,
				FA0E25AD22FB6245007DC512 /* NSData+OTBase32.m in Sources */,
				FA0E258522F9E52F007DC512 /* OTPBase.m in Sources */,
				FA0E258922F9F703007DC512 /* OTPHash.m in Sources */,
				FA0E259122FA357F007DC512 /* OTBag.m in Sources */,
				FA0E258D22F9F736007DC512 /* OTPTime.m in Sources */,
				FAB40B9822FD1857007E607F /* OTPassRowController.m in Sources */,
				FA0E256922F9E132007DC512 /* OTInterfaceController.m in Sources */,
			);
			runOnlyForDeploymentPostprocessing = 0;
		};
		FA1426C123E102EC009BD9C8 /* Sources */ = {
			isa = PBXSourcesBuildPhase;
			buildActionMask = 2147483647;
			files = (
				FA1426C823E102EC009BD9C8 /* OTScreenshots.m in Sources */,
			);
			runOnlyForDeploymentPostprocessing = 0;
		};
		FADECB732321F82D003052AD /* Sources */ = {
			isa = PBXSourcesBuildPhase;
			buildActionMask = 2147483647;
			files = (
				FADECB812321F82D003052AD /* ViewController.m in Sources */,
				FADECB7B2321F82D003052AD /* AppDelegate.m in Sources */,
				FADECB8C2321F82F003052AD /* main.m in Sources */,
			);
			runOnlyForDeploymentPostprocessing = 0;
		};
		FAEA804423CEF1D000A6D214 /* Sources */ = {
			isa = PBXSourcesBuildPhase;
			buildActionMask = 2147483647;
			files = (
				FAEA805B23CEF50500A6D214 /* OTSecError.m in Sources */,
				FAEA805723CEF4FE00A6D214 /* OTPHash.m in Sources */,
				FAEA805923CEF50500A6D214 /* OTBag.m in Sources */,
				FAF0EAF023CEF81F00364D38 /* NSArray+OTMap.m in Sources */,
				FAEA805623CEF4FE00A6D214 /* OTPBase.m in Sources */,
				FAEA805A23CEF50500A6D214 /* NSData+OTBase32.m in Sources */,
				FAEA805823CEF50500A6D214 /* OTPTime.m in Sources */,
				FAEA805C23CEF50800A6D214 /* OTBag+CSItem.m in Sources */,
				FAEA804C23CEF1D000A6D214 /* OTIndexRequestHandler.m in Sources */,
			);
			runOnlyForDeploymentPostprocessing = 0;
		};
/* End PBXSourcesBuildPhase section */

/* Begin PBXTargetDependency section */
		FA0E256522F9E132007DC512 /* PBXTargetDependency */ = {
			isa = PBXTargetDependency;
			target = FA0E256122F9E132007DC512 /* nanonetimext */;
			targetProxy = FA0E256422F9E132007DC512 /* PBXContainerItemProxy */;
		};
		FA1426CB23E102EC009BD9C8 /* PBXTargetDependency */ = {
			isa = PBXTargetDependency;
			target = FA0E24FE22F9DB3E007DC512 /* onetime */;
			targetProxy = FA1426CA23E102EC009BD9C8 /* PBXContainerItemProxy */;
		};
/* End PBXTargetDependency section */

/* Begin PBXVariantGroup section */
		FA0E252022F9DEEA007DC512 /* Main.storyboard */ = {
			isa = PBXVariantGroup;
			children = (
				FA0E252122F9DEEA007DC512 /* Base */,
			);
			name = Main.storyboard;
			sourceTree = "<group>";
		};
		FA0E252222F9DEEA007DC512 /* LaunchScreen.storyboard */ = {
			isa = PBXVariantGroup;
			children = (
				FA0E252322F9DEEA007DC512 /* Base */,
			);
			name = LaunchScreen.storyboard;
			sourceTree = "<group>";
		};
		FA0E255822F9E131007DC512 /* Interface.storyboard */ = {
			isa = PBXVariantGroup;
			children = (
				FA0E255922F9E131007DC512 /* Base */,
			);
			name = Interface.storyboard;
			sourceTree = "<group>";
		};
		FA59A8912304A8AE00463A3F /* Manual.storyboard */ = {
			isa = PBXVariantGroup;
			children = (
				FA59A8922304A8AE00463A3F /* Base */,
			);
			name = Manual.storyboard;
			sourceTree = "<group>";
		};
		FADECB822321F82D003052AD /* Main.storyboard */ = {
			isa = PBXVariantGroup;
			children = (
				FADECB832321F82D003052AD /* Base */,
			);
			name = Main.storyboard;
			sourceTree = "<group>";
		};
		FADECB872321F82F003052AD /* LaunchScreen.storyboard */ = {
			isa = PBXVariantGroup;
			children = (
				FADECB882321F82F003052AD /* Base */,
			);
			name = LaunchScreen.storyboard;
			sourceTree = "<group>";
		};
/* End PBXVariantGroup section */

/* Begin XCBuildConfiguration section */
		FA0E251622F9DB40007DC512 /* Debug */ = {
			isa = XCBuildConfiguration;
			buildSettings = {
				ALWAYS_SEARCH_USER_PATHS = NO;
				CLANG_ANALYZER_GCD_PERFORMANCE = YES;
				CLANG_ANALYZER_SECURITY_INSECUREAPI_RAND = YES;
				CLANG_ANALYZER_SECURITY_INSECUREAPI_STRCPY = YES;
				CLANG_CXX_LANGUAGE_STANDARD = "gnu++14";
				CLANG_CXX_LIBRARY = "libc++";
				CLANG_ENABLE_MODULES = YES;
				CLANG_ENABLE_OBJC_ARC = YES;
				CLANG_WARN_BLOCK_CAPTURE_AUTORELEASING = YES;
				CLANG_WARN_BOOL_CONVERSION = YES;
				CLANG_WARN_CONSTANT_CONVERSION = YES;
				CLANG_WARN_CXX0X_EXTENSIONS = YES;
				CLANG_WARN_DEPRECATED_OBJC_IMPLEMENTATIONS = YES;
				CLANG_WARN_DOCUMENTATION_COMMENTS = YES;
				CLANG_WARN_EMPTY_BODY = YES;
				CLANG_WARN_ENUM_CONVERSION = YES;
				CLANG_WARN_INFINITE_RECURSION = YES;
				CLANG_WARN_INT_CONVERSION = YES;
				CLANG_WARN_NON_LITERAL_NULL_CONVERSION = YES;
				CLANG_WARN_OBJC_IMPLICIT_RETAIN_SELF = YES;
				CLANG_WARN_OBJC_INTERFACE_IVARS = YES;
				CLANG_WARN_OBJC_LITERAL_CONVERSION = YES;
				CLANG_WARN_UNGUARDED_AVAILABILITY = YES_AGGRESSIVE;
				CLANG_WARN_UNREACHABLE_CODE = YES;
				CLANG_WARN__DUPLICATE_METHOD_MATCH = YES;
				COPY_PHASE_STRIP = NO;
				CURRENT_PROJECT_VERSION = 1;
				DEBUG_INFORMATION_FORMAT = dwarf;
				ENABLE_STRICT_OBJC_MSGSEND = YES;
				ENABLE_TESTABILITY = YES;
				GCC_C_LANGUAGE_STANDARD = gnu11;
				GCC_NO_COMMON_BLOCKS = YES;
				GCC_OPTIMIZATION_LEVEL = 0;
				GCC_PREPROCESSOR_DEFINITIONS = (
					"DEBUG=1",
					"$(inherited)",
				);
				GCC_WARN_64_TO_32_BIT_CONVERSION = YES;
				GCC_WARN_ABOUT_RETURN_TYPE = YES;
				GCC_WARN_SHADOW = YES;
				GCC_WARN_UNDECLARED_SELECTOR = YES;
				GCC_WARN_UNINITIALIZED_AUTOS = YES;
				GCC_WARN_UNKNOWN_PRAGMAS = YES;
				GCC_WARN_UNUSED_FUNCTION = YES;
				GCC_WARN_UNUSED_VARIABLE = YES;
				IPHONEOS_DEPLOYMENT_TARGET = 10.0;
				MACOSX_DEPLOYMENT_TARGET = 10.12;
				MTL_ENABLE_DEBUG_INFO = INCLUDE_SOURCE;
				MTL_FAST_MATH = YES;
				ONLY_ACTIVE_ARCH = YES;
				SDKROOT = iphoneos;
				TARGETED_DEVICE_FAMILY = "1,2";
				TVOS_DEPLOYMENT_TARGET = 10.0;
				VERSIONING_SYSTEM = "apple-generic";
				WATCHOS_DEPLOYMENT_TARGET = 3.0;
			};
			name = Debug;
		};
		FA0E251722F9DB40007DC512 /* Release */ = {
			isa = XCBuildConfiguration;
			buildSettings = {
				ALWAYS_SEARCH_USER_PATHS = NO;
				CLANG_ANALYZER_GCD_PERFORMANCE = YES;
				CLANG_ANALYZER_SECURITY_INSECUREAPI_RAND = YES;
				CLANG_ANALYZER_SECURITY_INSECUREAPI_STRCPY = YES;
				CLANG_CXX_LANGUAGE_STANDARD = "gnu++14";
				CLANG_CXX_LIBRARY = "libc++";
				CLANG_ENABLE_MODULES = YES;
				CLANG_ENABLE_OBJC_ARC = YES;
				CLANG_WARN_BLOCK_CAPTURE_AUTORELEASING = YES;
				CLANG_WARN_BOOL_CONVERSION = YES;
				CLANG_WARN_CONSTANT_CONVERSION = YES;
				CLANG_WARN_CXX0X_EXTENSIONS = YES;
				CLANG_WARN_DEPRECATED_OBJC_IMPLEMENTATIONS = YES;
				CLANG_WARN_DOCUMENTATION_COMMENTS = YES;
				CLANG_WARN_EMPTY_BODY = YES;
				CLANG_WARN_ENUM_CONVERSION = YES;
				CLANG_WARN_INFINITE_RECURSION = YES;
				CLANG_WARN_INT_CONVERSION = YES;
				CLANG_WARN_NON_LITERAL_NULL_CONVERSION = YES;
				CLANG_WARN_OBJC_IMPLICIT_RETAIN_SELF = YES;
				CLANG_WARN_OBJC_INTERFACE_IVARS = YES;
				CLANG_WARN_OBJC_LITERAL_CONVERSION = YES;
				CLANG_WARN_UNGUARDED_AVAILABILITY = YES_AGGRESSIVE;
				CLANG_WARN_UNREACHABLE_CODE = YES;
				CLANG_WARN__DUPLICATE_METHOD_MATCH = YES;
				COPY_PHASE_STRIP = NO;
				CURRENT_PROJECT_VERSION = 1;
				DEBUG_INFORMATION_FORMAT = "dwarf-with-dsym";
				ENABLE_NS_ASSERTIONS = NO;
				ENABLE_STRICT_OBJC_MSGSEND = YES;
				GCC_C_LANGUAGE_STANDARD = gnu11;
				GCC_NO_COMMON_BLOCKS = YES;
				GCC_TREAT_WARNINGS_AS_ERRORS = YES;
				GCC_WARN_64_TO_32_BIT_CONVERSION = YES;
				GCC_WARN_ABOUT_RETURN_TYPE = YES;
				GCC_WARN_SHADOW = YES;
				GCC_WARN_UNDECLARED_SELECTOR = YES;
				GCC_WARN_UNINITIALIZED_AUTOS = YES;
				GCC_WARN_UNKNOWN_PRAGMAS = YES;
				GCC_WARN_UNUSED_FUNCTION = YES;
				GCC_WARN_UNUSED_VARIABLE = YES;
				IPHONEOS_DEPLOYMENT_TARGET = 10.0;
				MACOSX_DEPLOYMENT_TARGET = 10.12;
				MTL_ENABLE_DEBUG_INFO = NO;
				MTL_FAST_MATH = YES;
				SDKROOT = iphoneos;
				TARGETED_DEVICE_FAMILY = "1,2";
				TVOS_DEPLOYMENT_TARGET = 10.0;
				VALIDATE_PRODUCT = YES;
				VERSIONING_SYSTEM = "apple-generic";
				WATCHOS_DEPLOYMENT_TARGET = 3.0;
			};
			name = Release;
		};
		FA0E251922F9DB40007DC512 /* Debug */ = {
			isa = XCBuildConfiguration;
			buildSettings = {
				ASSETCATALOG_COMPILER_APPICON_NAME = AppIcon;
				CODE_SIGN_ENTITLEMENTS = onetime/onetime.entitlements;
				CODE_SIGN_STYLE = Automatic;
				DERIVE_MACCATALYST_PRODUCT_BUNDLE_IDENTIFIER = YES;
				DEVELOPMENT_TEAM = 7P56K8K4MY;
				"ENABLE_HARDENED_RUNTIME[sdk=macosx*]" = YES;
				INFOPLIST_FILE = onetime/Info.plist;
				LD_RUNPATH_SEARCH_PATHS = (
					"$(inherited)",
					"@executable_path/Frameworks",
				);
				PRODUCT_BUNDLE_IDENTIFIER = null.leptos.onetime;
				PRODUCT_NAME = "$(TARGET_NAME)";
				SUPPORTS_MACCATALYST = YES;
			};
			name = Debug;
		};
		FA0E251A22F9DB40007DC512 /* Release */ = {
			isa = XCBuildConfiguration;
			buildSettings = {
				ASSETCATALOG_COMPILER_APPICON_NAME = AppIcon;
				CODE_SIGN_ENTITLEMENTS = onetime/onetime.entitlements;
				CODE_SIGN_STYLE = Automatic;
				DERIVE_MACCATALYST_PRODUCT_BUNDLE_IDENTIFIER = YES;
				DEVELOPMENT_TEAM = 7P56K8K4MY;
				"ENABLE_HARDENED_RUNTIME[sdk=macosx*]" = YES;
				INFOPLIST_FILE = onetime/Info.plist;
				LD_RUNPATH_SEARCH_PATHS = (
					"$(inherited)",
					"@executable_path/Frameworks",
				);
				PRODUCT_BUNDLE_IDENTIFIER = null.leptos.onetime;
				PRODUCT_NAME = "$(TARGET_NAME)";
				SUPPORTS_MACCATALYST = YES;
			};
			name = Release;
		};
		FA0E257422F9E132007DC512 /* Debug */ = {
			isa = XCBuildConfiguration;
			buildSettings = {
				ASSETCATALOG_COMPILER_APPICON_NAME = AppIcon;
				CODE_SIGN_STYLE = Automatic;
				DEVELOPMENT_TEAM = 7P56K8K4MY;
				IBSC_MODULE = nanonetimext;
				INFOPLIST_FILE = nanonetime/Info.plist;
				PRODUCT_BUNDLE_IDENTIFIER = null.leptos.onetime.watchkitapp;
				PRODUCT_NAME = "$(TARGET_NAME)";
				SDKROOT = watchos;
				SKIP_INSTALL = YES;
				TARGETED_DEVICE_FAMILY = 4;
			};
			name = Debug;
		};
		FA0E257522F9E132007DC512 /* Release */ = {
			isa = XCBuildConfiguration;
			buildSettings = {
				ASSETCATALOG_COMPILER_APPICON_NAME = AppIcon;
				CODE_SIGN_STYLE = Automatic;
				DEVELOPMENT_TEAM = 7P56K8K4MY;
				IBSC_MODULE = nanonetimext;
				INFOPLIST_FILE = nanonetime/Info.plist;
				PRODUCT_BUNDLE_IDENTIFIER = null.leptos.onetime.watchkitapp;
				PRODUCT_NAME = "$(TARGET_NAME)";
				SDKROOT = watchos;
				SKIP_INSTALL = YES;
				TARGETED_DEVICE_FAMILY = 4;
			};
			name = Release;
		};
		FA0E257722F9E132007DC512 /* Debug */ = {
			isa = XCBuildConfiguration;
			buildSettings = {
				ASSETCATALOG_COMPILER_COMPLICATION_NAME = Complication;
				CODE_SIGN_ENTITLEMENTS = nanonetimext/nano.entitlements;
				CODE_SIGN_STYLE = Automatic;
				DEVELOPMENT_TEAM = 7P56K8K4MY;
				INFOPLIST_FILE = nanonetimext/Info.plist;
				LD_RUNPATH_SEARCH_PATHS = (
					"$(inherited)",
					"@executable_path/Frameworks",
				);
				PRODUCT_BUNDLE_IDENTIFIER = null.leptos.onetime.watchkitapp.watchkitextension;
				PRODUCT_NAME = "${TARGET_NAME}";
				SDKROOT = watchos;
				SKIP_INSTALL = YES;
				TARGETED_DEVICE_FAMILY = 4;
			};
			name = Debug;
		};
		FA0E257822F9E132007DC512 /* Release */ = {
			isa = XCBuildConfiguration;
			buildSettings = {
				ASSETCATALOG_COMPILER_COMPLICATION_NAME = Complication;
				CODE_SIGN_ENTITLEMENTS = nanonetimext/nano.entitlements;
				CODE_SIGN_STYLE = Automatic;
				DEVELOPMENT_TEAM = 7P56K8K4MY;
				INFOPLIST_FILE = nanonetimext/Info.plist;
				LD_RUNPATH_SEARCH_PATHS = (
					"$(inherited)",
					"@executable_path/Frameworks",
				);
				PRODUCT_BUNDLE_IDENTIFIER = null.leptos.onetime.watchkitapp.watchkitextension;
				PRODUCT_NAME = "${TARGET_NAME}";
				SDKROOT = watchos;
				SKIP_INSTALL = YES;
				TARGETED_DEVICE_FAMILY = 4;
			};
			name = Release;
		};
		FA1426CC23E102EC009BD9C8 /* Debug */ = {
			isa = XCBuildConfiguration;
			buildSettings = {
				CODE_SIGN_STYLE = Automatic;
				DEVELOPMENT_TEAM = 7P56K8K4MY;
				INFOPLIST_FILE = onetimeUITests/Info.plist;
				LD_RUNPATH_SEARCH_PATHS = (
					"$(inherited)",
					"@executable_path/Frameworks",
					"@loader_path/Frameworks",
				);
				PRODUCT_BUNDLE_IDENTIFIER = null.leptos.onetimeUITests;
				PRODUCT_NAME = "$(TARGET_NAME)";
				TEST_TARGET_NAME = onetime;
			};
			name = Debug;
		};
		FA1426CD23E102EC009BD9C8 /* Release */ = {
			isa = XCBuildConfiguration;
			buildSettings = {
				CODE_SIGN_STYLE = Automatic;
				DEVELOPMENT_TEAM = 7P56K8K4MY;
				INFOPLIST_FILE = onetimeUITests/Info.plist;
				LD_RUNPATH_SEARCH_PATHS = (
					"$(inherited)",
					"@executable_path/Frameworks",
					"@loader_path/Frameworks",
				);
				PRODUCT_BUNDLE_IDENTIFIER = null.leptos.onetimeUITests;
				PRODUCT_NAME = "$(TARGET_NAME)";
				TEST_TARGET_NAME = onetime;
			};
			name = Release;
		};
		FADECB8D2321F82F003052AD /* Debug */ = {
			isa = XCBuildConfiguration;
			buildSettings = {
				CODE_SIGN_IDENTITY = "-";
				CODE_SIGN_STYLE = Automatic;
				DEVELOPMENT_TEAM = "";
				INFOPLIST_FILE = oneticon/Info.plist;
				IPHONEOS_DEPLOYMENT_TARGET = 13.0;
				PRODUCT_BUNDLE_IDENTIFIER = null.leptos.oneticon;
				PRODUCT_NAME = OneTIcon;
				SUPPORTS_MACCATALYST = YES;
			};
			name = Debug;
		};
		FADECB8E2321F82F003052AD /* Release */ = {
			isa = XCBuildConfiguration;
			buildSettings = {
				CODE_SIGN_IDENTITY = "-";
				CODE_SIGN_STYLE = Automatic;
				DEVELOPMENT_TEAM = "";
				INFOPLIST_FILE = oneticon/Info.plist;
				IPHONEOS_DEPLOYMENT_TARGET = 13.0;
				PRODUCT_BUNDLE_IDENTIFIER = null.leptos.oneticon;
				PRODUCT_NAME = OneTIcon;
				SUPPORTS_MACCATALYST = YES;
			};
			name = Release;
		};
		FAEA805223CEF1D000A6D214 /* Debug */ = {
			isa = XCBuildConfiguration;
			buildSettings = {
				CLANG_ENABLE_OBJC_WEAK = YES;
				CODE_SIGN_ENTITLEMENTS = onetimespotlight/spotlight.entitlements;
				CODE_SIGN_STYLE = Automatic;
				DERIVE_MACCATALYST_PRODUCT_BUNDLE_IDENTIFIER = YES;
				DEVELOPMENT_TEAM = 7P56K8K4MY;
				GCC_DYNAMIC_NO_PIC = NO;
				INFOPLIST_FILE = onetimespotlight/Info.plist;
				LD_RUNPATH_SEARCH_PATHS = (
					"$(inherited)",
					"@executable_path/Frameworks",
					"@executable_path/../../Frameworks",
				);
				PRODUCT_BUNDLE_IDENTIFIER = null.leptos.onetime.spotlight;
				PRODUCT_NAME = onetimespotlight;
				SKIP_INSTALL = YES;
				SUPPORTS_MACCATALYST = YES;
			};
			name = Debug;
		};
		FAEA805323CEF1D000A6D214 /* Release */ = {
			isa = XCBuildConfiguration;
			buildSettings = {
				CLANG_ENABLE_OBJC_WEAK = YES;
				CODE_SIGN_ENTITLEMENTS = onetimespotlight/spotlight.entitlements;
				CODE_SIGN_STYLE = Automatic;
				DERIVE_MACCATALYST_PRODUCT_BUNDLE_IDENTIFIER = YES;
				DEVELOPMENT_TEAM = 7P56K8K4MY;
				INFOPLIST_FILE = onetimespotlight/Info.plist;
				LD_RUNPATH_SEARCH_PATHS = (
					"$(inherited)",
					"@executable_path/Frameworks",
					"@executable_path/../../Frameworks",
				);
				PRODUCT_BUNDLE_IDENTIFIER = null.leptos.onetime.spotlight;
				PRODUCT_NAME = onetimespotlight;
				SKIP_INSTALL = YES;
				SUPPORTS_MACCATALYST = YES;
			};
			name = Release;
		};
/* End XCBuildConfiguration section */

/* Begin XCConfigurationList section */
		FA0E24FA22F9DB3E007DC512 /* Build configuration list for PBXProject "onetime" */ = {
			isa = XCConfigurationList;
			buildConfigurations = (
				FA0E251622F9DB40007DC512 /* Debug */,
				FA0E251722F9DB40007DC512 /* Release */,
			);
			defaultConfigurationIsVisible = 0;
			defaultConfigurationName = Release;
		};
		FA0E251822F9DB40007DC512 /* Build configuration list for PBXNativeTarget "onetime" */ = {
			isa = XCConfigurationList;
			buildConfigurations = (
				FA0E251922F9DB40007DC512 /* Debug */,
				FA0E251A22F9DB40007DC512 /* Release */,
			);
			defaultConfigurationIsVisible = 0;
			defaultConfigurationName = Release;
		};
		FA0E257922F9E132007DC512 /* Build configuration list for PBXNativeTarget "nanonetimext" */ = {
			isa = XCConfigurationList;
			buildConfigurations = (
				FA0E257722F9E132007DC512 /* Debug */,
				FA0E257822F9E132007DC512 /* Release */,
			);
			defaultConfigurationIsVisible = 0;
			defaultConfigurationName = Release;
		};
		FA0E257A22F9E132007DC512 /* Build configuration list for PBXNativeTarget "nanonetime" */ = {
			isa = XCConfigurationList;
			buildConfigurations = (
				FA0E257422F9E132007DC512 /* Debug */,
				FA0E257522F9E132007DC512 /* Release */,
			);
			defaultConfigurationIsVisible = 0;
			defaultConfigurationName = Release;
		};
		FA1426CE23E102EC009BD9C8 /* Build configuration list for PBXNativeTarget "onetimeUITests" */ = {
			isa = XCConfigurationList;
			buildConfigurations = (
				FA1426CC23E102EC009BD9C8 /* Debug */,
				FA1426CD23E102EC009BD9C8 /* Release */,
			);
			defaultConfigurationIsVisible = 0;
			defaultConfigurationName = Release;
		};
		FADECB8F2321F82F003052AD /* Build configuration list for PBXNativeTarget "oneticon" */ = {
			isa = XCConfigurationList;
			buildConfigurations = (
				FADECB8D2321F82F003052AD /* Debug */,
				FADECB8E2321F82F003052AD /* Release */,
			);
			defaultConfigurationIsVisible = 0;
			defaultConfigurationName = Release;
		};
		FAEA805123CEF1D000A6D214 /* Build configuration list for PBXNativeTarget "onetimespotlight" */ = {
			isa = XCConfigurationList;
			buildConfigurations = (
				FAEA805223CEF1D000A6D214 /* Debug */,
				FAEA805323CEF1D000A6D214 /* Release */,
			);
			defaultConfigurationIsVisible = 0;
			defaultConfigurationName = Release;
		};
/* End XCConfigurationList section */
	};
	rootObject = FA0E24F722F9DB3E007DC512 /* Project object */;
}
